
Microsoft Visual Studio Solution File, Format Version 12.00
# Visual Studio Version 16
VisualStudioVersion = 16.0.31515.178
MinimumVisualStudioVersion = 10.0.40219.1
Project("{8BC9CEB8-8B4A-11D0-8D11-00A0C91BC942}") = "2021_04", "2021_04\2021_04.vcxproj", "{E3810629-1C4F-4D01-AAFF-56F3696736DA}"
EndProject
Global
	GlobalSection(SolutionConfigurationPlatforms) = preSolution
		Debug|x64 = Debug|x64
		Debug|x86 = Debug|x86
		Release|x64 = Release|x64
		Release|x86 = Release|x86
	EndGlobalSection
	GlobalSection(ProjectConfigurationPlatforms) = postSolution
		{E3810629-1C4F-4D01-AAFF-56F3696736DA}.Debug|x64.ActiveCfg = Debug|x64
		{E3810629-1C4F-4D01-AAFF-56F3696736DA}.Debug|x64.Build.0 = Debug|x64
		{E3810629-1C4F-4D01-AAFF-56F3696736DA}.Debug|x86.ActiveCfg = Debug|Win32
		{E3810629-1C4F-4D01-AAFF-56F3696736DA}.Debug|x86.Build.0 = Debug|Win32
		{E3810629-1C4F-4D01-AAFF-56F3696736DA}.Release|x64.ActiveCfg = Release|x64
		{E3810629-1C4F-4D01-AAFF-56F3696736DA}.Release|x64.Build.0 = Release|x64
		{E3810629-1C4F-4D01-AAFF-56F3696736DA}.Release|x86.ActiveCfg = Release|Win32
		{E3810629-1C4F-4D01-AAFF-56F3696736DA}.Release|x86.Build.0 = Release|Win32
	EndGlobalSection
	GlobalSection(SolutionProperties) = preSolution
		HideSolutionNode = FALSE
	EndGlobalSection
	GlobalSection(ExtensibilityGlobals) = postSolution
		SolutionGuid = {B888AEAC-ABAE-4D53-8508-9853B31783AC}
	EndGlobalSection
EndGlobal
